
Microsoft Visual Studio Solution File, Format Version 12.00
# Visual Studio Version 16
VisualStudioVersion = 16.0.31321.278
MinimumVisualStudioVersion = 10.0.40219.1
Project("{FAE04EC0-301F-11D3-BF4B-00C04F79EFBC}") = "Remoting", "Remoting\Remoting.csproj", "{4849C339-30E0-4458-9007-9EE393956989}"
EndProject
Project("{FAE04EC0-301F-11D3-BF4B-00C04F79EFBC}") = "Remoting.Model", "Remoting.Model\Remoting.Model.csproj", "{8CDDDE46-B913-4031-8A6D-49642A972126}"
EndProject
Global
	GlobalSection(SolutionConfigurationPlatforms) = preSolution
		Debug|Any CPU = Debug|Any CPU
		Release|Any CPU = Release|Any CPU
	EndGlobalSection
	GlobalSection(ProjectConfigurationPlatforms) = postSolution
		{4849C339-30E0-4458-9007-9EE393956989}.Debug|Any CPU.ActiveCfg = Debug|Any CPU
		{4849C339-30E0-4458-9007-9EE393956989}.Debug|Any CPU.Build.0 = Debug|Any CPU
		{4849C339-30E0-4458-9007-9EE393956989}.Release|Any CPU.ActiveCfg = Release|Any CPU
		{4849C339-30E0-4458-9007-9EE393956989}.Release|Any CPU.Build.0 = Release|Any CPU
		{8CDDDE46-B913-4031-8A6D-49642A972126}.Debug|Any CPU.ActiveCfg = Debug|Any CPU
		{8CDDDE46-B913-4031-8A6D-49642A972126}.Debug|Any CPU.Build.0 = Debug|Any CPU
		{8CDDDE46-B913-4031-8A6D-49642A972126}.Release|Any CPU.ActiveCfg = Release|Any CPU
		{8CDDDE46-B913-4031-8A6D-49642A972126}.Release|Any CPU.Build.0 = Release|Any CPU
	EndGlobalSection
	GlobalSection(SolutionProperties) = preSolution
		HideSolutionNode = FALSE
	EndGlobalSection
	GlobalSection(ExtensibilityGlobals) = postSolution
		SolutionGuid = {A6A26D12-CDAA-41CF-85FA-962AB5D73CA7}
	EndGlobalSection
EndGlobal
